
Microsoft Visual Studio Solution File, Format Version 12.00
# Visual Studio 15
VisualStudioVersion = 15.0.28307.168
MinimumVisualStudioVersion = 10.0.40219.1
Project("{FAE04EC0-301F-11D3-BF4B-00C04F79EFBC}") = "CodePlayGround", "CodePlayGround\CodePlayGround.csproj", "{7BE61F0B-5980-44B0-94F8-3AA69C876C6C}"
EndProject
Global
	GlobalSection(SolutionConfigurationPlatforms) = preSolution
		Debug|Any CPU = Debug|Any CPU
		Release|Any CPU = Release|Any CPU
	EndGlobalSection
	GlobalSection(ProjectConfigurationPlatforms) = postSolution
		{7BE61F0B-5980-44B0-94F8-3AA69C876C6C}.Debug|Any CPU.ActiveCfg = Debug|Any CPU
		{7BE61F0B-5980-44B0-94F8-3AA69C876C6C}.Debug|Any CPU.Build.0 = Debug|Any CPU
		{7BE61F0B-5980-44B0-94F8-3AA69C876C6C}.Release|Any CPU.ActiveCfg = Release|Any CPU
		{7BE61F0B-5980-44B0-94F8-3AA69C876C6C}.Release|Any CPU.Build.0 = Release|Any CPU
	EndGlobalSection
	GlobalSection(SolutionProperties) = preSolution
		HideSolutionNode = FALSE
	EndGlobalSection
	GlobalSection(ExtensibilityGlobals) = postSolution
		SolutionGuid = {8B420CD6-F233-4DA5-B621-7E949B180A13}
	EndGlobalSection
EndGlobal
